
Microsoft Visual Studio Solution File, Format Version 12.00
# Visual Studio 14
VisualStudioVersion = 14.0.25420.1
MinimumVisualStudioVersion = 10.0.40219.1
Project("{FAE04EC0-301F-11D3-BF4B-00C04F79EFBC}") = "Aloneguid.Support.Net45", "Aloneguid.Support.Net4\Aloneguid.Support.Net45.csproj", "{15519E83-FF6E-4D2F-9DEE-A495C21011CC}"
EndProject
Project("{2150E333-8FDC-42A3-9474-1A3956D46DE8}") = "Solution Items", "Solution Items", "{CA174258-0F21-4682-9C69-CEBC440F0A80}"
	ProjectSection(SolutionItems) = preProject
		global.json = global.json
		..\pack.cmd = ..\pack.cmd
		..\README.md = ..\README.md
		..\support.nuspec = ..\support.nuspec
	EndProjectSection
EndProject
Project("{2150E333-8FDC-42A3-9474-1A3956D46DE8}") = "Tests", "Tests", "{4C3F8921-EB9C-4A8A-AE0E-5AB5727AE625}"
EndProject
Project("{FAE04EC0-301F-11D3-BF4B-00C04F79EFBC}") = "Aloneguid.Support.Tests.Net45", "Tests\Aloneguid.Support.Tests\Aloneguid.Support.Tests.Net45.csproj", "{74E771D6-B610-4C5E-A6FF-7B4AC3086E56}"
EndProject
Project("{FAE04EC0-301F-11D3-BF4B-00C04F79EFBC}") = "Aloneguid.Support.Tests.Net45.Integration", "Tests\Aloneguid.Support.Tests.Integration\Aloneguid.Support.Tests.Net45.Integration.csproj", "{3F978177-DB29-4C55-8FEB-374962F86759}"
EndProject
Project("{8BB2217D-0F2D-49D1-97BC-3654ED321F3B}") = "Aloneguid.Support.Tests.NetCore", "Aloneguid.Support.Tests.NetCore\Aloneguid.Support.Tests.NetCore.xproj", "{4631D9C4-ABF7-41EF-A282-92EF91282D09}"
EndProject
Project("{8BB2217D-0F2D-49D1-97BC-3654ED321F3B}") = "Aloneguid.Support.NetStandard", "Aloneguid.Support.NetStandard\Aloneguid.Support.NetStandard.xproj", "{44408ADB-7BBE-40B8-88EF-16F0E56B41A6}"
EndProject
Global
	GlobalSection(SolutionConfigurationPlatforms) = preSolution
		Debug|Any CPU = Debug|Any CPU
		Release|Any CPU = Release|Any CPU
	EndGlobalSection
	GlobalSection(ProjectConfigurationPlatforms) = postSolution
		{15519E83-FF6E-4D2F-9DEE-A495C21011CC}.Debug|Any CPU.ActiveCfg = Debug|Any CPU
		{15519E83-FF6E-4D2F-9DEE-A495C21011CC}.Debug|Any CPU.Build.0 = Debug|Any CPU
		{15519E83-FF6E-4D2F-9DEE-A495C21011CC}.Release|Any CPU.ActiveCfg = Release|Any CPU
		{15519E83-FF6E-4D2F-9DEE-A495C21011CC}.Release|Any CPU.Build.0 = Release|Any CPU
		{74E771D6-B610-4C5E-A6FF-7B4AC3086E56}.Debug|Any CPU.ActiveCfg = Debug|Any CPU
		{74E771D6-B610-4C5E-A6FF-7B4AC3086E56}.Debug|Any CPU.Build.0 = Debug|Any CPU
		{74E771D6-B610-4C5E-A6FF-7B4AC3086E56}.Release|Any CPU.ActiveCfg = Release|Any CPU
		{74E771D6-B610-4C5E-A6FF-7B4AC3086E56}.Release|Any CPU.Build.0 = Release|Any CPU
		{3F978177-DB29-4C55-8FEB-374962F86759}.Debug|Any CPU.ActiveCfg = Debug|Any CPU
		{3F978177-DB29-4C55-8FEB-374962F86759}.Debug|Any CPU.Build.0 = Debug|Any CPU
		{3F978177-DB29-4C55-8FEB-374962F86759}.Release|Any CPU.ActiveCfg = Release|Any CPU
		{3F978177-DB29-4C55-8FEB-374962F86759}.Release|Any CPU.Build.0 = Release|Any CPU
		{4631D9C4-ABF7-41EF-A282-92EF91282D09}.Debug|Any CPU.ActiveCfg = Debug|Any CPU
		{4631D9C4-ABF7-41EF-A282-92EF91282D09}.Debug|Any CPU.Build.0 = Debug|Any CPU
		{4631D9C4-ABF7-41EF-A282-92EF91282D09}.Release|Any CPU.ActiveCfg = Release|Any CPU
		{4631D9C4-ABF7-41EF-A282-92EF91282D09}.Release|Any CPU.Build.0 = Release|Any CPU
		{44408ADB-7BBE-40B8-88EF-16F0E56B41A6}.Debug|Any CPU.ActiveCfg = Debug|Any CPU
		{44408ADB-7BBE-40B8-88EF-16F0E56B41A6}.Debug|Any CPU.Build.0 = Debug|Any CPU
		{44408ADB-7BBE-40B8-88EF-16F0E56B41A6}.Release|Any CPU.ActiveCfg = Release|Any CPU
		{44408ADB-7BBE-40B8-88EF-16F0E56B41A6}.Release|Any CPU.Build.0 = Release|Any CPU
	EndGlobalSection
	GlobalSection(SolutionProperties) = preSolution
		HideSolutionNode = FALSE
	EndGlobalSection
	GlobalSection(NestedProjects) = preSolution
		{74E771D6-B610-4C5E-A6FF-7B4AC3086E56} = {4C3F8921-EB9C-4A8A-AE0E-5AB5727AE625}
		{3F978177-DB29-4C55-8FEB-374962F86759} = {4C3F8921-EB9C-4A8A-AE0E-5AB5727AE625}
		{4631D9C4-ABF7-41EF-A282-92EF91282D09} = {4C3F8921-EB9C-4A8A-AE0E-5AB5727AE625}
	EndGlobalSection
EndGlobal
