
Microsoft Visual Studio Solution File, Format Version 12.00
# Visual Studio Version 16
VisualStudioVersion = 16.0.29025.244
MinimumVisualStudioVersion = 10.0.40219.1
Project("{2150E333-8FDC-42A3-9474-1A3956D46DE8}") = "Solution Items", "Solution Items", "{CA174258-0F21-4682-9C69-CEBC440F0A80}"
	ProjectSection(SolutionItems) = preProject
		..\.editorconfig = ..\.editorconfig
		..\azure-pipelines.yml = ..\azure-pipelines.yml
		..\README.md = ..\README.md
	EndProjectSection
EndProject
Project("{2150E333-8FDC-42A3-9474-1A3956D46DE8}") = "doc", "doc", "{2C5D638B-8DEB-4F82-BDE6-7316ADFA99F9}"
	ProjectSection(SolutionItems) = preProject
		..\README.md = ..\README.md
		..\doc\reference.md = ..\doc\reference.md
	EndProjectSection
EndProject
Project("{9A19103F-16F7-4668-BE54-9A1E7A4F7556}") = "NetBox", "NetBox\NetBox.csproj", "{DB030F34-CDD2-4D0E-87E6-8963567ED686}"
EndProject
Project("{9A19103F-16F7-4668-BE54-9A1E7A4F7556}") = "NetBox.Tests", "NetBox.Tests\NetBox.Tests.csproj", "{09EECD08-443C-41F5-AD3E-3330B8955277}"
EndProject
Project("{9A19103F-16F7-4668-BE54-9A1E7A4F7556}") = "NetBox.Runner", "NetBox.Runner\NetBox.Runner.csproj", "{DF635F57-0F8B-43DF-AF94-AEE581AD43E4}"
EndProject
Global
	GlobalSection(SolutionConfigurationPlatforms) = preSolution
		Debug|Any CPU = Debug|Any CPU
		Release|Any CPU = Release|Any CPU
	EndGlobalSection
	GlobalSection(ProjectConfigurationPlatforms) = postSolution
		{DB030F34-CDD2-4D0E-87E6-8963567ED686}.Debug|Any CPU.ActiveCfg = Debug|Any CPU
		{DB030F34-CDD2-4D0E-87E6-8963567ED686}.Debug|Any CPU.Build.0 = Debug|Any CPU
		{DB030F34-CDD2-4D0E-87E6-8963567ED686}.Release|Any CPU.ActiveCfg = Release|Any CPU
		{DB030F34-CDD2-4D0E-87E6-8963567ED686}.Release|Any CPU.Build.0 = Release|Any CPU
		{09EECD08-443C-41F5-AD3E-3330B8955277}.Debug|Any CPU.ActiveCfg = Debug|Any CPU
		{09EECD08-443C-41F5-AD3E-3330B8955277}.Debug|Any CPU.Build.0 = Debug|Any CPU
		{09EECD08-443C-41F5-AD3E-3330B8955277}.Release|Any CPU.ActiveCfg = Release|Any CPU
		{09EECD08-443C-41F5-AD3E-3330B8955277}.Release|Any CPU.Build.0 = Release|Any CPU
		{DF635F57-0F8B-43DF-AF94-AEE581AD43E4}.Debug|Any CPU.ActiveCfg = Debug|Any CPU
		{DF635F57-0F8B-43DF-AF94-AEE581AD43E4}.Debug|Any CPU.Build.0 = Debug|Any CPU
		{DF635F57-0F8B-43DF-AF94-AEE581AD43E4}.Release|Any CPU.ActiveCfg = Release|Any CPU
		{DF635F57-0F8B-43DF-AF94-AEE581AD43E4}.Release|Any CPU.Build.0 = Release|Any CPU
	EndGlobalSection
	GlobalSection(SolutionProperties) = preSolution
		HideSolutionNode = FALSE
	EndGlobalSection
	GlobalSection(NestedProjects) = preSolution
		{2C5D638B-8DEB-4F82-BDE6-7316ADFA99F9} = {CA174258-0F21-4682-9C69-CEBC440F0A80}
	EndGlobalSection
	GlobalSection(ExtensibilityGlobals) = postSolution
		SolutionGuid = {554CAD90-DD04-4101-BF43-916BB0E346DF}
	EndGlobalSection
EndGlobal
