
Microsoft Visual Studio Solution File, Format Version 12.00
# Visual Studio Version 16
VisualStudioVersion = 16.0.29025.244
MinimumVisualStudioVersion = 10.0.40219.1
Project("{2150E333-8FDC-42A3-9474-1A3956D46DE8}") = "Solution Items", "Solution Items", "{CA174258-0F21-4682-9C69-CEBC440F0A80}"
	ProjectSection(SolutionItems) = preProject
		..\.editorconfig = ..\.editorconfig
		..\README.md = ..\README.md
	EndProjectSection
EndProject
Project("{2150E333-8FDC-42A3-9474-1A3956D46DE8}") = ".github", ".github", "{0BE764FB-2FE6-479C-955A-218A321A6B10}"
EndProject
Project("{2150E333-8FDC-42A3-9474-1A3956D46DE8}") = "workflows", "workflows", "{C8AC05E5-CC88-4C4E-A64B-A74D6EB29726}"
	ProjectSection(SolutionItems) = preProject
		..\.github\workflows\validate.yml = ..\.github\workflows\validate.yml
	EndProjectSection
EndProject
Project("{FAE04EC0-301F-11D3-BF4B-00C04F79EFBC}") = "NetBox", "NetBox\NetBox.csproj", "{375DFF82-B2B2-4104-9C32-6F4C9474F6EF}"
EndProject
Global
	GlobalSection(SolutionConfigurationPlatforms) = preSolution
		Debug|Any CPU = Debug|Any CPU
		Release|Any CPU = Release|Any CPU
	EndGlobalSection
	GlobalSection(ProjectConfigurationPlatforms) = postSolution
		{375DFF82-B2B2-4104-9C32-6F4C9474F6EF}.Debug|Any CPU.ActiveCfg = Debug|Any CPU
		{375DFF82-B2B2-4104-9C32-6F4C9474F6EF}.Debug|Any CPU.Build.0 = Debug|Any CPU
		{375DFF82-B2B2-4104-9C32-6F4C9474F6EF}.Release|Any CPU.ActiveCfg = Release|Any CPU
		{375DFF82-B2B2-4104-9C32-6F4C9474F6EF}.Release|Any CPU.Build.0 = Release|Any CPU
	EndGlobalSection
	GlobalSection(SolutionProperties) = preSolution
		HideSolutionNode = FALSE
	EndGlobalSection
	GlobalSection(NestedProjects) = preSolution
		{0BE764FB-2FE6-479C-955A-218A321A6B10} = {CA174258-0F21-4682-9C69-CEBC440F0A80}
		{C8AC05E5-CC88-4C4E-A64B-A74D6EB29726} = {0BE764FB-2FE6-479C-955A-218A321A6B10}
	EndGlobalSection
	GlobalSection(ExtensibilityGlobals) = postSolution
		SolutionGuid = {554CAD90-DD04-4101-BF43-916BB0E346DF}
	EndGlobalSection
EndGlobal
